<?xml version="1.0" encoding="UTF-8" standalone="yes" ?>
<CodeBlocks_project_file>
	<FileVersion major="1" minor="6" />
	<Project>
		<Option title="dc2m" />
		<Option pch_mode="2" />
		<Option compiler="gcc" />
		<Build>
			<Target title="Debug">
				<Option output="bin/Debug/dc2m" prefix_auto="1" extension_auto="1" />
				<Option object_output="obj/Debug/" />
				<Option type="0" />
				<Option compiler="gcc" />
				<Option projectLinkerOptionsRelation="2" />
				<Compiler>
					<Add option="-g" />
					<Add directory="./" />
				</Compiler>
				<Linker>
					<Add directory="./lib" />
				</Linker>
			</Target>
			<Target title="Release">
				<Option output="bin/Release/dc2m" prefix_auto="1" extension_auto="1" />
				<Option object_output="obj/Release/" />
				<Option type="0" />
				<Option compiler="gcc" />
				<Option projectLinkerOptionsRelation="2" />
				<Compiler>
					<Add option="-O2" />
					<Add directory="./" />
				</Compiler>
				<Linker>
					<Add option="-s" />
					<Add directory="./lib" />
				</Linker>
			</Target>
		</Build>
		<Compiler>
			<Add option="-Wall" />
			<Add option="-std=gnu++11" />
			<Add option="`wx-config --cflags`" />
		</Compiler>
		<Linker>
			<Add option="`wx-config --libs`" />
		</Linker>
		<Unit filename="about.cpp" />
		<Unit filename="about.h" />
		<Unit filename="advancedStation.cpp" />
		<Unit filename="advancedStation.h" />
		<Unit filename="cDriver.cpp" />
		<Unit filename="cDriver.h" />
		<Unit filename="cSettings.cpp" />
		<Unit filename="cSettings.h" />
		<Unit filename="dc2mApp.cpp" />
		<Unit filename="dc2mApp.h" />
		<Unit filename="dc2mMain.cpp" />
		<Unit filename="dc2mMain.h" />
		<Unit filename="mDriver.cpp" />
		<Unit filename="mDriver.h" />
		<Unit filename="modbus.h" />
		<Unit filename="qrCode.cpp" />
		<Unit filename="qrCode.h" />
		<Unit filename="setChannel.cpp" />
		<Unit filename="setChannel.h" />
		<Unit filename="setStation.cpp" />
		<Unit filename="setStation.h" />
		<Unit filename="version.h" />
		<Unit filename="wxsmith/About.wxs" />
		<Unit filename="wxsmith/Advanced_station.wxs" />
		<Unit filename="wxsmith/dc2mframe.wxs" />
		<Unit filename="wxsmith/qrCode.wxs" />
		<Unit filename="wxsmith/setChannel.wxs" />
		<Unit filename="wxsmith/setStation.wxs" />
		<Extensions>
			<AutoVersioning>
				<Scheme minor_max="1000" build_max="99" rev_max="0" rev_rand_max="1" build_times_to_increment_minor="10000" />
				<Settings autoincrement="0" date_declarations="0" use_define="0" update_manifest="1" do_auto_increment="0" ask_to_increment="0" language="C++" svn="0" svn_directory="" header_path="version.h" />
				<Changes_Log show_changes_editor="0" app_title="released version %M.%m.%b" changeslog_path="ChangesLog.txt" />
				<Code header_guard="VERSION_H" namespace="AutoVersion" prefix="" />
			</AutoVersioning>
			<DoxyBlocks>
				<comment_style block="0" line="0" />
				<doxyfile_project />
				<doxyfile_build />
				<doxyfile_warnings />
				<doxyfile_output />
				<doxyfile_dot />
				<general />
			</DoxyBlocks>
			<lib_finder disable_auto="1" />
			<wxsmith version="1">
				<gui name="wxWidgets" src="dc2mApp.cpp" main="dc2mFrame" init_handlers="necessary" language="CPP" />
				<resources>
					<wxFrame wxs="wxsmith/dc2mframe.wxs" src="dc2mMain.cpp" hdr="dc2mMain.h" fwddecl="0" i18n="1" name="dc2mFrame" language="CPP" />
					<wxDialog wxs="wxsmith/setChannel.wxs" src="setChannel.cpp" hdr="setChannel.h" fwddecl="0" i18n="1" name="Set_channel" language="CPP" />
					<wxDialog wxs="wxsmith/qrCode.wxs" src="qrCode.cpp" hdr="qrCode.h" fwddecl="0" i18n="1" name="QrcodeDialog" language="CPP" />
					<wxDialog wxs="wxsmith/setStation.wxs" src="setStation.cpp" hdr="setStation.h" fwddecl="0" i18n="1" name="Set_station" language="CPP" />
					<wxDialog wxs="wxsmith/About.wxs" src="about.cpp" hdr="about.h" fwddecl="0" i18n="1" name="About" language="CPP" />
					<wxDialog wxs="wxsmith/Advanced_station.wxs" src="advancedStation.cpp" hdr="advancedStation.h" fwddecl="0" i18n="1" name="Advanced_station" language="CPP" />
				</resources>
			</wxsmith>
		</Extensions>
	</Project>
</CodeBlocks_project_file>
